
Microsoft Visual Studio Solution File, Format Version 12.00
# Visual Studio 14
VisualStudioVersion = 14.0.24720.0
MinimumVisualStudioVersion = 10.0.40219.1
Project("{FAE04EC0-301F-11D3-BF4B-00C04F79EFBC}") = "XBoxStage", "XBoxStage\XBoxStage.csproj", "{EBA63FF0-E5FA-4979-A0E6-6B293AA168A3}"
EndProject
Global
	GlobalSection(SolutionConfigurationPlatforms) = preSolution
		Debug|Any CPU = Debug|Any CPU
		Debug|x86 = Debug|x86
		Release|Any CPU = Release|Any CPU
		Release|x86 = Release|x86
	EndGlobalSection
	GlobalSection(ProjectConfigurationPlatforms) = postSolution
		{EBA63FF0-E5FA-4979-A0E6-6B293AA168A3}.Debug|Any CPU.ActiveCfg = Debug|Any CPU
		{EBA63FF0-E5FA-4979-A0E6-6B293AA168A3}.Debug|Any CPU.Build.0 = Debug|Any CPU
		{EBA63FF0-E5FA-4979-A0E6-6B293AA168A3}.Debug|x86.ActiveCfg = Debug|x86
		{EBA63FF0-E5FA-4979-A0E6-6B293AA168A3}.Debug|x86.Build.0 = Debug|x86
		{EBA63FF0-E5FA-4979-A0E6-6B293AA168A3}.Release|Any CPU.ActiveCfg = Release|Any CPU
		{EBA63FF0-E5FA-4979-A0E6-6B293AA168A3}.Release|Any CPU.Build.0 = Release|Any CPU
		{EBA63FF0-E5FA-4979-A0E6-6B293AA168A3}.Release|x86.ActiveCfg = Release|x86
		{EBA63FF0-E5FA-4979-A0E6-6B293AA168A3}.Release|x86.Build.0 = Release|x86
	EndGlobalSection
	GlobalSection(SolutionProperties) = preSolution
		HideSolutionNode = FALSE
	EndGlobalSection
EndGlobal
